
Microsoft Visual Studio Solution File, Format Version 12.00
# Visual Studio 15
VisualStudioVersion = 15.0.28010.2046
MinimumVisualStudioVersion = 10.0.40219.1
Project("{FAE04EC0-301F-11D3-BF4B-00C04F79EFBC}") = "IfcGeoRefChecker_v3", "IfcGeoRefChecker_v3\IfcGeoRefChecker_v3.csproj", "{64BE62A1-29C5-4D21-9CF7-1F0F80219EC6}"
EndProject
Project("{9A19103F-16F7-4668-BE54-9A1E7A4F7556}") = "BimGisCad", "..\..\..\..\drafts\bimgiscadlib-20181217\bimgiscadlib-master\BimGisCad\BimGisCad.csproj", "{FBF7C2A3-EBAC-42A2-A322-584DFFF941B2}"
EndProject
Project("{FAE04EC0-301F-11D3-BF4B-00C04F79EFBC}") = "IfcGeometryExtractor", "..\..\IfcGeometryExtractor\IfcGeometryExtractor\IfcGeometryExtractor.csproj", "{0A96458F-E9C8-4305-8701-F9242836BA6E}"
EndProject
Global
	GlobalSection(SolutionConfigurationPlatforms) = preSolution
		Debug|Any CPU = Debug|Any CPU
		Debug|x64 = Debug|x64
		Release|Any CPU = Release|Any CPU
		Release|x64 = Release|x64
	EndGlobalSection
	GlobalSection(ProjectConfigurationPlatforms) = postSolution
		{64BE62A1-29C5-4D21-9CF7-1F0F80219EC6}.Debug|Any CPU.ActiveCfg = Debug|Any CPU
		{64BE62A1-29C5-4D21-9CF7-1F0F80219EC6}.Debug|Any CPU.Build.0 = Debug|Any CPU
		{64BE62A1-29C5-4D21-9CF7-1F0F80219EC6}.Debug|x64.ActiveCfg = Debug|Any CPU
		{64BE62A1-29C5-4D21-9CF7-1F0F80219EC6}.Debug|x64.Build.0 = Debug|Any CPU
		{64BE62A1-29C5-4D21-9CF7-1F0F80219EC6}.Release|Any CPU.ActiveCfg = Release|Any CPU
		{64BE62A1-29C5-4D21-9CF7-1F0F80219EC6}.Release|Any CPU.Build.0 = Release|Any CPU
		{64BE62A1-29C5-4D21-9CF7-1F0F80219EC6}.Release|x64.ActiveCfg = Release|Any CPU
		{64BE62A1-29C5-4D21-9CF7-1F0F80219EC6}.Release|x64.Build.0 = Release|Any CPU
		{FBF7C2A3-EBAC-42A2-A322-584DFFF941B2}.Debug|Any CPU.ActiveCfg = Debug|Any CPU
		{FBF7C2A3-EBAC-42A2-A322-584DFFF941B2}.Debug|Any CPU.Build.0 = Debug|Any CPU
		{FBF7C2A3-EBAC-42A2-A322-584DFFF941B2}.Debug|x64.ActiveCfg = Debug|x64
		{FBF7C2A3-EBAC-42A2-A322-584DFFF941B2}.Debug|x64.Build.0 = Debug|x64
		{FBF7C2A3-EBAC-42A2-A322-584DFFF941B2}.Release|Any CPU.ActiveCfg = Debug|Any CPU
		{FBF7C2A3-EBAC-42A2-A322-584DFFF941B2}.Release|Any CPU.Build.0 = Debug|Any CPU
		{FBF7C2A3-EBAC-42A2-A322-584DFFF941B2}.Release|x64.ActiveCfg = Release|x64
		{FBF7C2A3-EBAC-42A2-A322-584DFFF941B2}.Release|x64.Build.0 = Release|x64
		{0A96458F-E9C8-4305-8701-F9242836BA6E}.Debug|Any CPU.ActiveCfg = Debug|Any CPU
		{0A96458F-E9C8-4305-8701-F9242836BA6E}.Debug|Any CPU.Build.0 = Debug|Any CPU
		{0A96458F-E9C8-4305-8701-F9242836BA6E}.Debug|x64.ActiveCfg = Debug|Any CPU
		{0A96458F-E9C8-4305-8701-F9242836BA6E}.Debug|x64.Build.0 = Debug|Any CPU
		{0A96458F-E9C8-4305-8701-F9242836BA6E}.Release|Any CPU.ActiveCfg = Debug|Any CPU
		{0A96458F-E9C8-4305-8701-F9242836BA6E}.Release|Any CPU.Build.0 = Debug|Any CPU
		{0A96458F-E9C8-4305-8701-F9242836BA6E}.Release|x64.ActiveCfg = Release|Any CPU
		{0A96458F-E9C8-4305-8701-F9242836BA6E}.Release|x64.Build.0 = Release|Any CPU
	EndGlobalSection
	GlobalSection(SolutionProperties) = preSolution
		HideSolutionNode = FALSE
	EndGlobalSection
	GlobalSection(ExtensibilityGlobals) = postSolution
		SolutionGuid = {782891DF-BF3D-406C-9217-75CC3ACC209C}
	EndGlobalSection
EndGlobal
