
Microsoft Visual Studio Solution File, Format Version 12.00
# Visual Studio 15
VisualStudioVersion = 15.0.27703.2042
MinimumVisualStudioVersion = 10.0.40219.1
Project("{FAE04EC0-301F-11D3-BF4B-00C04F79EFBC}") = "IfcGeometryExtractor", "IfcGeometryExtractor\IfcGeometryExtractor.csproj", "{0A96458F-E9C8-4305-8701-F9242836BA6E}"
EndProject
Project("{9A19103F-16F7-4668-BE54-9A1E7A4F7556}") = "BimGisCad", "..\..\..\..\BimGisCad\BimGisCad\BimGisCad\BimGisCad.csproj", "{44850F17-35D1-4DF8-8C6A-02D5A3253EE7}"
EndProject
Project("{FAE04EC0-301F-11D3-BF4B-00C04F79EFBC}") = "IfcGeoRefChecker", "..\..\..\IfcGeoRef\Version_0.2.0.0\IfcGeoRefChecker\IfcGeoRefChecker.csproj", "{4DC37D94-A307-4110-BB0D-9B9EAA9252D0}"
EndProject
Global
	GlobalSection(SolutionConfigurationPlatforms) = preSolution
		Debug|Any CPU = Debug|Any CPU
		Release|Any CPU = Release|Any CPU
	EndGlobalSection
	GlobalSection(ProjectConfigurationPlatforms) = postSolution
		{0A96458F-E9C8-4305-8701-F9242836BA6E}.Debug|Any CPU.ActiveCfg = Debug|Any CPU
		{0A96458F-E9C8-4305-8701-F9242836BA6E}.Debug|Any CPU.Build.0 = Debug|Any CPU
		{0A96458F-E9C8-4305-8701-F9242836BA6E}.Release|Any CPU.ActiveCfg = Release|Any CPU
		{0A96458F-E9C8-4305-8701-F9242836BA6E}.Release|Any CPU.Build.0 = Release|Any CPU
		{44850F17-35D1-4DF8-8C6A-02D5A3253EE7}.Debug|Any CPU.ActiveCfg = Debug|Any CPU
		{44850F17-35D1-4DF8-8C6A-02D5A3253EE7}.Debug|Any CPU.Build.0 = Debug|Any CPU
		{44850F17-35D1-4DF8-8C6A-02D5A3253EE7}.Release|Any CPU.ActiveCfg = Release|Any CPU
		{44850F17-35D1-4DF8-8C6A-02D5A3253EE7}.Release|Any CPU.Build.0 = Release|Any CPU
		{4DC37D94-A307-4110-BB0D-9B9EAA9252D0}.Debug|Any CPU.ActiveCfg = Debug|Any CPU
		{4DC37D94-A307-4110-BB0D-9B9EAA9252D0}.Debug|Any CPU.Build.0 = Debug|Any CPU
		{4DC37D94-A307-4110-BB0D-9B9EAA9252D0}.Release|Any CPU.ActiveCfg = Release|Any CPU
		{4DC37D94-A307-4110-BB0D-9B9EAA9252D0}.Release|Any CPU.Build.0 = Release|Any CPU
	EndGlobalSection
	GlobalSection(SolutionProperties) = preSolution
		HideSolutionNode = FALSE
	EndGlobalSection
	GlobalSection(ExtensibilityGlobals) = postSolution
		SolutionGuid = {69C9EEBA-4E0C-4482-854C-66E6869CF82A}
	EndGlobalSection
EndGlobal
